
Microsoft Visual Studio Solution File, Format Version 12.00
# Visual Studio Version 17
VisualStudioVersion = 17.14.36603.0
MinimumVisualStudioVersion = 10.0.40219.1
Project("{FAE04EC0-301F-11D3-BF4B-00C04F79EFBC}") = "Tyuiu.ChuginNM.Sprint3.Task0.V18", "Tyuiu.ChuginNM.Sprint3.Task0.V18\Tyuiu.ChuginNM.Sprint3.Task0.V18.csproj", "{6D851FF9-6F82-497B-8B42-DF2737671977}"
EndProject
Project("{2150E333-8FDC-42A3-9474-1A3956D46DE8}") = "Task0", "Task0", "{36D591C7-65C7-A0D1-1CBC-10CDE441BDC8}"
EndProject
Project("{FAE04EC0-301F-11D3-BF4B-00C04F79EFBC}") = "Tyuiu.ChuginNM.Sprint3.Task0.V18.Lib", "Tyuiu.ChuginNM.Sprint3.Task0.V18.Lib\Tyuiu.ChuginNM.Sprint3.Task0.V18.Lib.csproj", "{A0B37810-882B-498A-83A0-F8D3E76D7AF5}"
EndProject
Project("{FAE04EC0-301F-11D3-BF4B-00C04F79EFBC}") = "Tyuiu.ChuginNM.Sprint3.Task0.V18.Test", "Tyuiu.ChuginNM.Sprint3.Task0.V18.Test\Tyuiu.ChuginNM.Sprint3.Task0.V18.Test.csproj", "{FAD5ED63-066D-4142-8499-62E1D225D79B}"
EndProject
Project("{2150E333-8FDC-42A3-9474-1A3956D46DE8}") = "Task1", "Task1", "{BCAAEBF9-1656-4333-AD23-04ABB2AC2A85}"
EndProject
Project("{FAE04EC0-301F-11D3-BF4B-00C04F79EFBC}") = "Tyuiu.ChuginNM.Sprint3.Task1.V4", "Tyuiu.ChuginNM.Sprint3.Task1.V4\Tyuiu.ChuginNM.Sprint3.Task1.V4.csproj", "{5015BD5A-68FF-4E65-8BFF-08E8BB20D435}"
EndProject
Project("{FAE04EC0-301F-11D3-BF4B-00C04F79EFBC}") = "Tyuiu.ChuginNM.Sprint3.Task1.V4.Lib", "Tyuiu.ChuginNM.Sprint3.Task1.V4.Lib\Tyuiu.ChuginNM.Sprint3.Task1.V4.Lib.csproj", "{A075F744-1688-457F-B545-1687F0841F44}"
EndProject
Project("{FAE04EC0-301F-11D3-BF4B-00C04F79EFBC}") = "Tyuiu.ChuginNM.Sprint3.Task1.V4.Test", "Tyuiu.ChuginNM.Sprint3.Task1.V4.Test\Tyuiu.ChuginNM.Sprint3.Task1.V4.Test.csproj", "{454ABA8B-AC74-42A2-9050-F9BE24AF5689}"
EndProject
Project("{2150E333-8FDC-42A3-9474-1A3956D46DE8}") = "Task2", "Task2", "{509DD9EA-F5B6-46D0-AD02-1EB966129509}"
EndProject
Project("{FAE04EC0-301F-11D3-BF4B-00C04F79EFBC}") = "Tyuiu.ChuginNM.Sprint3.Task2.V17", "Tyuiu.ChuginNM.Sprint3.Task2.V17\Tyuiu.ChuginNM.Sprint3.Task2.V17.csproj", "{78B38A68-D0FD-4484-B8BE-54E944E8EF73}"
EndProject
Project("{FAE04EC0-301F-11D3-BF4B-00C04F79EFBC}") = "Tyuiu.ChuginNM.Sprint3.Task2.V17.Lib", "Tyuiu.ChuginNM.Sprint3.Task2.V17.Lib\Tyuiu.ChuginNM.Sprint3.Task2.V17.Lib.csproj", "{044B81A2-AAAC-4A55-A8FC-FFB532F1E89E}"
EndProject
Project("{FAE04EC0-301F-11D3-BF4B-00C04F79EFBC}") = "Tyuiu.ChuginNM.Sprint3.Task2.V17.Test", "Tyuiu.ChuginNM.Sprint3.Task2.V17.Test\Tyuiu.ChuginNM.Sprint3.Task2.V17.Test.csproj", "{AC418399-761E-491F-BCEB-39ED2FFEC317}"
EndProject
Project("{2150E333-8FDC-42A3-9474-1A3956D46DE8}") = "Task3", "Task3", "{3B49DC3D-6749-468F-ACED-3F361A262EFB}"
EndProject
Project("{FAE04EC0-301F-11D3-BF4B-00C04F79EFBC}") = "Tyuiu.ChuginNM.Sprint3.Task3.V21", "Tyuiu.ChuginNM.Sprint3.Task3.V21\Tyuiu.ChuginNM.Sprint3.Task3.V21.csproj", "{39216E4C-F10B-4BE0-AC48-FB315903DA78}"
EndProject
Project("{FAE04EC0-301F-11D3-BF4B-00C04F79EFBC}") = "Tyuiu.ChuginNM.Sprint3.Task3.V21.Lib", "Tyuiu.ChuginNM.Sprint3.Task3.V21.Lib\Tyuiu.ChuginNM.Sprint3.Task3.V21.Lib.csproj", "{5F5F2962-57B2-4261-8D21-1DBDBCFBF508}"
EndProject
Project("{FAE04EC0-301F-11D3-BF4B-00C04F79EFBC}") = "Tyuiu.ChuginNM.Sprint3.Task3.V21.Test", "Tyuiu.ChuginNM.Sprint3.Task3.V21.Test\Tyuiu.ChuginNM.Sprint3.Task3.V21.Test.csproj", "{FFF8E7CD-10BC-4145-99F3-85F1B688F59F}"
EndProject
Project("{2150E333-8FDC-42A3-9474-1A3956D46DE8}") = "Task4", "Task4", "{26840612-BA94-4FFB-971E-252B22EA00B7}"
EndProject
Project("{FAE04EC0-301F-11D3-BF4B-00C04F79EFBC}") = "Tyuiu.ChuginNM.Sprint3.Task4.V19", "Tyuiu.ChuginNM.Sprint3.Task4.V19\Tyuiu.ChuginNM.Sprint3.Task4.V19.csproj", "{731283A0-CCA3-4394-A69C-9B22AA6883EA}"
EndProject
Project("{FAE04EC0-301F-11D3-BF4B-00C04F79EFBC}") = "Tyuiu.ChuginNM.Sprint3.Task4.V19.Lib", "Tyuiu.ChuginNM.Sprint3.Task4.V19.Lib\Tyuiu.ChuginNM.Sprint3.Task4.V19.Lib.csproj", "{8283A4C7-0DD6-4A47-9E3B-0D446FD30E3D}"
EndProject
Project("{FAE04EC0-301F-11D3-BF4B-00C04F79EFBC}") = "Tyuiu.ChuginNM.Sprint3.Task4.V19.Test", "Tyuiu.ChuginNM.Sprint3.Task4.V19.Test\Tyuiu.ChuginNM.Sprint3.Task4.V19.Test.csproj", "{6027A6C5-4C57-4C59-90FA-A3C53171F95A}"
EndProject
Global
	GlobalSection(SolutionConfigurationPlatforms) = preSolution
		Debug|Any CPU = Debug|Any CPU
		Release|Any CPU = Release|Any CPU
	EndGlobalSection
	GlobalSection(ProjectConfigurationPlatforms) = postSolution
		{6D851FF9-6F82-497B-8B42-DF2737671977}.Debug|Any CPU.ActiveCfg = Debug|Any CPU
		{6D851FF9-6F82-497B-8B42-DF2737671977}.Debug|Any CPU.Build.0 = Debug|Any CPU
		{6D851FF9-6F82-497B-8B42-DF2737671977}.Release|Any CPU.ActiveCfg = Release|Any CPU
		{6D851FF9-6F82-497B-8B42-DF2737671977}.Release|Any CPU.Build.0 = Release|Any CPU
		{A0B37810-882B-498A-83A0-F8D3E76D7AF5}.Debug|Any CPU.ActiveCfg = Debug|Any CPU
		{A0B37810-882B-498A-83A0-F8D3E76D7AF5}.Debug|Any CPU.Build.0 = Debug|Any CPU
		{A0B37810-882B-498A-83A0-F8D3E76D7AF5}.Release|Any CPU.ActiveCfg = Release|Any CPU
		{A0B37810-882B-498A-83A0-F8D3E76D7AF5}.Release|Any CPU.Build.0 = Release|Any CPU
		{FAD5ED63-066D-4142-8499-62E1D225D79B}.Debug|Any CPU.ActiveCfg = Debug|Any CPU
		{FAD5ED63-066D-4142-8499-62E1D225D79B}.Debug|Any CPU.Build.0 = Debug|Any CPU
		{FAD5ED63-066D-4142-8499-62E1D225D79B}.Release|Any CPU.ActiveCfg = Release|Any CPU
		{FAD5ED63-066D-4142-8499-62E1D225D79B}.Release|Any CPU.Build.0 = Release|Any CPU
		{5015BD5A-68FF-4E65-8BFF-08E8BB20D435}.Debug|Any CPU.ActiveCfg = Debug|Any CPU
		{5015BD5A-68FF-4E65-8BFF-08E8BB20D435}.Debug|Any CPU.Build.0 = Debug|Any CPU
		{5015BD5A-68FF-4E65-8BFF-08E8BB20D435}.Release|Any CPU.ActiveCfg = Release|Any CPU
		{5015BD5A-68FF-4E65-8BFF-08E8BB20D435}.Release|Any CPU.Build.0 = Release|Any CPU
		{A075F744-1688-457F-B545-1687F0841F44}.Debug|Any CPU.ActiveCfg = Debug|Any CPU
		{A075F744-1688-457F-B545-1687F0841F44}.Debug|Any CPU.Build.0 = Debug|Any CPU
		{A075F744-1688-457F-B545-1687F0841F44}.Release|Any CPU.ActiveCfg = Release|Any CPU
		{A075F744-1688-457F-B545-1687F0841F44}.Release|Any CPU.Build.0 = Release|Any CPU
		{454ABA8B-AC74-42A2-9050-F9BE24AF5689}.Debug|Any CPU.ActiveCfg = Debug|Any CPU
		{454ABA8B-AC74-42A2-9050-F9BE24AF5689}.Debug|Any CPU.Build.0 = Debug|Any CPU
		{454ABA8B-AC74-42A2-9050-F9BE24AF5689}.Release|Any CPU.ActiveCfg = Release|Any CPU
		{454ABA8B-AC74-42A2-9050-F9BE24AF5689}.Release|Any CPU.Build.0 = Release|Any CPU
		{78B38A68-D0FD-4484-B8BE-54E944E8EF73}.Debug|Any CPU.ActiveCfg = Debug|Any CPU
		{78B38A68-D0FD-4484-B8BE-54E944E8EF73}.Debug|Any CPU.Build.0 = Debug|Any CPU
		{78B38A68-D0FD-4484-B8BE-54E944E8EF73}.Release|Any CPU.ActiveCfg = Release|Any CPU
		{78B38A68-D0FD-4484-B8BE-54E944E8EF73}.Release|Any CPU.Build.0 = Release|Any CPU
		{044B81A2-AAAC-4A55-A8FC-FFB532F1E89E}.Debug|Any CPU.ActiveCfg = Debug|Any CPU
		{044B81A2-AAAC-4A55-A8FC-FFB532F1E89E}.Debug|Any CPU.Build.0 = Debug|Any CPU
		{044B81A2-AAAC-4A55-A8FC-FFB532F1E89E}.Release|Any CPU.ActiveCfg = Release|Any CPU
		{044B81A2-AAAC-4A55-A8FC-FFB532F1E89E}.Release|Any CPU.Build.0 = Release|Any CPU
		{AC418399-761E-491F-BCEB-39ED2FFEC317}.Debug|Any CPU.ActiveCfg = Debug|Any CPU
		{AC418399-761E-491F-BCEB-39ED2FFEC317}.Debug|Any CPU.Build.0 = Debug|Any CPU
		{AC418399-761E-491F-BCEB-39ED2FFEC317}.Release|Any CPU.ActiveCfg = Release|Any CPU
		{AC418399-761E-491F-BCEB-39ED2FFEC317}.Release|Any CPU.Build.0 = Release|Any CPU
		{39216E4C-F10B-4BE0-AC48-FB315903DA78}.Debug|Any CPU.ActiveCfg = Debug|Any CPU
		{39216E4C-F10B-4BE0-AC48-FB315903DA78}.Debug|Any CPU.Build.0 = Debug|Any CPU
		{39216E4C-F10B-4BE0-AC48-FB315903DA78}.Release|Any CPU.ActiveCfg = Release|Any CPU
		{39216E4C-F10B-4BE0-AC48-FB315903DA78}.Release|Any CPU.Build.0 = Release|Any CPU
		{5F5F2962-57B2-4261-8D21-1DBDBCFBF508}.Debug|Any CPU.ActiveCfg = Debug|Any CPU
		{5F5F2962-57B2-4261-8D21-1DBDBCFBF508}.Debug|Any CPU.Build.0 = Debug|Any CPU
		{5F5F2962-57B2-4261-8D21-1DBDBCFBF508}.Release|Any CPU.ActiveCfg = Release|Any CPU
		{5F5F2962-57B2-4261-8D21-1DBDBCFBF508}.Release|Any CPU.Build.0 = Release|Any CPU
		{FFF8E7CD-10BC-4145-99F3-85F1B688F59F}.Debug|Any CPU.ActiveCfg = Debug|Any CPU
		{FFF8E7CD-10BC-4145-99F3-85F1B688F59F}.Debug|Any CPU.Build.0 = Debug|Any CPU
		{FFF8E7CD-10BC-4145-99F3-85F1B688F59F}.Release|Any CPU.ActiveCfg = Release|Any CPU
		{FFF8E7CD-10BC-4145-99F3-85F1B688F59F}.Release|Any CPU.Build.0 = Release|Any CPU
		{731283A0-CCA3-4394-A69C-9B22AA6883EA}.Debug|Any CPU.ActiveCfg = Debug|Any CPU
		{731283A0-CCA3-4394-A69C-9B22AA6883EA}.Debug|Any CPU.Build.0 = Debug|Any CPU
		{731283A0-CCA3-4394-A69C-9B22AA6883EA}.Release|Any CPU.ActiveCfg = Release|Any CPU
		{731283A0-CCA3-4394-A69C-9B22AA6883EA}.Release|Any CPU.Build.0 = Release|Any CPU
		{8283A4C7-0DD6-4A47-9E3B-0D446FD30E3D}.Debug|Any CPU.ActiveCfg = Debug|Any CPU
		{8283A4C7-0DD6-4A47-9E3B-0D446FD30E3D}.Debug|Any CPU.Build.0 = Debug|Any CPU
		{8283A4C7-0DD6-4A47-9E3B-0D446FD30E3D}.Release|Any CPU.ActiveCfg = Release|Any CPU
		{8283A4C7-0DD6-4A47-9E3B-0D446FD30E3D}.Release|Any CPU.Build.0 = Release|Any CPU
		{6027A6C5-4C57-4C59-90FA-A3C53171F95A}.Debug|Any CPU.ActiveCfg = Debug|Any CPU
		{6027A6C5-4C57-4C59-90FA-A3C53171F95A}.Debug|Any CPU.Build.0 = Debug|Any CPU
		{6027A6C5-4C57-4C59-90FA-A3C53171F95A}.Release|Any CPU.ActiveCfg = Release|Any CPU
		{6027A6C5-4C57-4C59-90FA-A3C53171F95A}.Release|Any CPU.Build.0 = Release|Any CPU
	EndGlobalSection
	GlobalSection(SolutionProperties) = preSolution
		HideSolutionNode = FALSE
	EndGlobalSection
	GlobalSection(NestedProjects) = preSolution
		{6D851FF9-6F82-497B-8B42-DF2737671977} = {36D591C7-65C7-A0D1-1CBC-10CDE441BDC8}
		{A0B37810-882B-498A-83A0-F8D3E76D7AF5} = {36D591C7-65C7-A0D1-1CBC-10CDE441BDC8}
		{FAD5ED63-066D-4142-8499-62E1D225D79B} = {36D591C7-65C7-A0D1-1CBC-10CDE441BDC8}
		{5015BD5A-68FF-4E65-8BFF-08E8BB20D435} = {BCAAEBF9-1656-4333-AD23-04ABB2AC2A85}
		{A075F744-1688-457F-B545-1687F0841F44} = {BCAAEBF9-1656-4333-AD23-04ABB2AC2A85}
		{454ABA8B-AC74-42A2-9050-F9BE24AF5689} = {BCAAEBF9-1656-4333-AD23-04ABB2AC2A85}
		{78B38A68-D0FD-4484-B8BE-54E944E8EF73} = {509DD9EA-F5B6-46D0-AD02-1EB966129509}
		{044B81A2-AAAC-4A55-A8FC-FFB532F1E89E} = {509DD9EA-F5B6-46D0-AD02-1EB966129509}
		{AC418399-761E-491F-BCEB-39ED2FFEC317} = {509DD9EA-F5B6-46D0-AD02-1EB966129509}
		{39216E4C-F10B-4BE0-AC48-FB315903DA78} = {3B49DC3D-6749-468F-ACED-3F361A262EFB}
		{5F5F2962-57B2-4261-8D21-1DBDBCFBF508} = {3B49DC3D-6749-468F-ACED-3F361A262EFB}
		{FFF8E7CD-10BC-4145-99F3-85F1B688F59F} = {3B49DC3D-6749-468F-ACED-3F361A262EFB}
		{731283A0-CCA3-4394-A69C-9B22AA6883EA} = {26840612-BA94-4FFB-971E-252B22EA00B7}
		{8283A4C7-0DD6-4A47-9E3B-0D446FD30E3D} = {26840612-BA94-4FFB-971E-252B22EA00B7}
		{6027A6C5-4C57-4C59-90FA-A3C53171F95A} = {26840612-BA94-4FFB-971E-252B22EA00B7}
	EndGlobalSection
	GlobalSection(ExtensibilityGlobals) = postSolution
		SolutionGuid = {AF6A7846-268E-4C0C-B7BD-F96E096A2299}
	EndGlobalSection
EndGlobal
